{
  "name": "digital_hanaro_study",
  "version": "0.0.1",
  "lockfileVersion": 3,
  "requires": true,
  "packages": {
    "": {
      "name": "digital_hanaro_study",
      "version": "0.0.1",
      "license": "ISC",
      "dependencies": {
        "digital_hanaro_study": "^0.0.1",
        "digital_hanaro_utils": "^0.0.2"
      }
    },
    "node_modules/digital_hanaro_study": {
      "version": "0.0.1",
      "resolved": "https://registry.npmjs.org/digital_hanaro_study/-/digital_hanaro_study-0.0.1.tgz",
      "integrity": "sha512-tg+izme10RmjwmP1Cj4DLQAKfoUaRTeA/v7Awaj637Va6p1tn/fdEmG0ATLJ9QUG/gC2Jru4LOc8QAIw3Hog9w==",
      "license": "ISC"
    },
    "node_modules/digital_hanaro_utils": {
      "version": "0.0.2",
      "resolved": "https://registry.npmjs.org/digital_hanaro_utils/-/digital_hanaro_utils-0.0.2.tgz",
      "integrity": "sha512-3hRy4shTpKnOeNWe5VFiVVHwZ0/yfAU7K8nl4juv9jjxIEslsXPGVpXWKYhRK1zRySb+6RQFh7sOPb5UwHG3NA==",
      "license": "ISC"
    }
  }
}
